
Microsoft Visual Studio Solution File, Format Version 12.00
# Visual Studio 15
VisualStudioVersion = 15.0.27004.2002
MinimumVisualStudioVersion = 10.0.40219.1
Project("{888888A0-9F3D-457C-B088-3A5042F75D52}") = "find_procedure", "find_procedure.pyproj", "{73E2C2CB-17D0-4299-BBF8-DF06662634BA}"
EndProject
Global
	GlobalSection(SolutionConfigurationPlatforms) = preSolution
		Debug|Any CPU = Debug|Any CPU
		Release|Any CPU = Release|Any CPU
	EndGlobalSection
	GlobalSection(ProjectConfigurationPlatforms) = postSolution
		{73E2C2CB-17D0-4299-BBF8-DF06662634BA}.Debug|Any CPU.ActiveCfg = Debug|Any CPU
		{73E2C2CB-17D0-4299-BBF8-DF06662634BA}.Release|Any CPU.ActiveCfg = Release|Any CPU
	EndGlobalSection
	GlobalSection(SolutionProperties) = preSolution
		HideSolutionNode = FALSE
	EndGlobalSection
	GlobalSection(ExtensibilityGlobals) = postSolution
		SolutionGuid = {4D907031-F873-4BCA-96F2-08C49146A59A}
	EndGlobalSection
EndGlobal
